
Microsoft Visual Studio Solution File, Format Version 12.00
# Visual Studio Version 16
VisualStudioVersion = 16.0.30128.74
MinimumVisualStudioVersion = 10.0.40219.1
Project("{FAE04EC0-301F-11D3-BF4B-00C04F79EFBC}") = "determinant-calculator", "DeterminantCalculator\determinant-calculator.csproj", "{948BE2E7-90D1-4BDF-8B11-8378C484F64B}"
EndProject
Global
	GlobalSection(SolutionConfigurationPlatforms) = preSolution
		Debug|Any CPU = Debug|Any CPU
		Release|Any CPU = Release|Any CPU
	EndGlobalSection
	GlobalSection(ProjectConfigurationPlatforms) = postSolution
		{948BE2E7-90D1-4BDF-8B11-8378C484F64B}.Debug|Any CPU.ActiveCfg = Debug|Any CPU
		{948BE2E7-90D1-4BDF-8B11-8378C484F64B}.Debug|Any CPU.Build.0 = Debug|Any CPU
		{948BE2E7-90D1-4BDF-8B11-8378C484F64B}.Release|Any CPU.ActiveCfg = Release|Any CPU
		{948BE2E7-90D1-4BDF-8B11-8378C484F64B}.Release|Any CPU.Build.0 = Release|Any CPU
	EndGlobalSection
	GlobalSection(SolutionProperties) = preSolution
		HideSolutionNode = FALSE
	EndGlobalSection
	GlobalSection(ExtensibilityGlobals) = postSolution
		SolutionGuid = {5BA71D57-2639-46EA-BD08-38982A96AF7E}
	EndGlobalSection
EndGlobal
